
Microsoft Visual Studio Solution File, Format Version 12.00
# Visual Studio Version 16
VisualStudioVersion = 16.0.30907.101
MinimumVisualStudioVersion = 10.0.40219.1
Project("{9A19103F-16F7-4668-BE54-9A1E7A4F7556}") = "Serviece", "Serviece\Serviece.csproj", "{835D57B0-A135-4AC5-B4C4-019B6FC86543}"
EndProject
Project("{9A19103F-16F7-4668-BE54-9A1E7A4F7556}") = "Domain", "Domain\Domain.csproj", "{20B769A7-C381-4117-8DDB-068A32499D4E}"
EndProject
Project("{9A19103F-16F7-4668-BE54-9A1E7A4F7556}") = "UnitTest", "Test\UnitTest.csproj", "{D14F5971-16C3-47A2-860A-75F80B08036B}"
EndProject
Global
	GlobalSection(SolutionConfigurationPlatforms) = preSolution
		Debug|Any CPU = Debug|Any CPU
		Release|Any CPU = Release|Any CPU
	EndGlobalSection
	GlobalSection(ProjectConfigurationPlatforms) = postSolution
		{835D57B0-A135-4AC5-B4C4-019B6FC86543}.Debug|Any CPU.ActiveCfg = Debug|Any CPU
		{835D57B0-A135-4AC5-B4C4-019B6FC86543}.Debug|Any CPU.Build.0 = Debug|Any CPU
		{835D57B0-A135-4AC5-B4C4-019B6FC86543}.Release|Any CPU.ActiveCfg = Release|Any CPU
		{835D57B0-A135-4AC5-B4C4-019B6FC86543}.Release|Any CPU.Build.0 = Release|Any CPU
		{20B769A7-C381-4117-8DDB-068A32499D4E}.Debug|Any CPU.ActiveCfg = Debug|Any CPU
		{20B769A7-C381-4117-8DDB-068A32499D4E}.Debug|Any CPU.Build.0 = Debug|Any CPU
		{20B769A7-C381-4117-8DDB-068A32499D4E}.Release|Any CPU.ActiveCfg = Release|Any CPU
		{20B769A7-C381-4117-8DDB-068A32499D4E}.Release|Any CPU.Build.0 = Release|Any CPU
		{D14F5971-16C3-47A2-860A-75F80B08036B}.Debug|Any CPU.ActiveCfg = Debug|Any CPU
		{D14F5971-16C3-47A2-860A-75F80B08036B}.Debug|Any CPU.Build.0 = Debug|Any CPU
		{D14F5971-16C3-47A2-860A-75F80B08036B}.Release|Any CPU.ActiveCfg = Release|Any CPU
		{D14F5971-16C3-47A2-860A-75F80B08036B}.Release|Any CPU.Build.0 = Release|Any CPU
	EndGlobalSection
	GlobalSection(SolutionProperties) = preSolution
		HideSolutionNode = FALSE
	EndGlobalSection
	GlobalSection(ExtensibilityGlobals) = postSolution
		SolutionGuid = {AA302DB7-C05A-4357-89EC-AFB6B65F6F32}
	EndGlobalSection
EndGlobal
